
Microsoft Visual Studio Solution File, Format Version 12.00
# Visual Studio 2013
VisualStudioVersion = 12.0.30723.0
MinimumVisualStudioVersion = 10.0.40219.1
Project("{D954291E-2A0B-460D-934E-DC6B0785DB48}") = "RSSReader.Shared", "RSSReader.Shared.shproj", "{69284F19-E5E0-41B9-A25E-41AB4700E078}"
EndProject
Project("{FAE04EC0-301F-11D3-BF4B-00C04F79EFBC}") = "RssReader", "..\Navigation.WindowsPhone\RssReader.csproj", "{544393D8-3665-4020-B688-D5A12F5C1E3A}"
EndProject
Global
	GlobalSection(SharedMSBuildProjectFiles) = preSolution
		Navigation.Shared.projitems*{544393d8-3665-4020-b688-d5a12f5c1e3a}*SharedItemsImports = 4
		Navigation.Shared.projitems*{69284f19-e5e0-41b9-a25e-41ab4700e078}*SharedItemsImports = 13
	EndGlobalSection
	GlobalSection(SolutionConfigurationPlatforms) = preSolution
		Debug|Any CPU = Debug|Any CPU
		Debug|ARM = Debug|ARM
		Debug|x86 = Debug|x86
		Release|Any CPU = Release|Any CPU
		Release|ARM = Release|ARM
		Release|x86 = Release|x86
	EndGlobalSection
	GlobalSection(ProjectConfigurationPlatforms) = postSolution
		{544393D8-3665-4020-B688-D5A12F5C1E3A}.Debug|Any CPU.ActiveCfg = Debug|Any CPU
		{544393D8-3665-4020-B688-D5A12F5C1E3A}.Debug|Any CPU.Build.0 = Debug|Any CPU
		{544393D8-3665-4020-B688-D5A12F5C1E3A}.Debug|Any CPU.Deploy.0 = Debug|Any CPU
		{544393D8-3665-4020-B688-D5A12F5C1E3A}.Debug|ARM.ActiveCfg = Debug|ARM
		{544393D8-3665-4020-B688-D5A12F5C1E3A}.Debug|ARM.Build.0 = Debug|ARM
		{544393D8-3665-4020-B688-D5A12F5C1E3A}.Debug|ARM.Deploy.0 = Debug|ARM
		{544393D8-3665-4020-B688-D5A12F5C1E3A}.Debug|x86.ActiveCfg = Debug|x86
		{544393D8-3665-4020-B688-D5A12F5C1E3A}.Debug|x86.Build.0 = Debug|x86
		{544393D8-3665-4020-B688-D5A12F5C1E3A}.Debug|x86.Deploy.0 = Debug|x86
		{544393D8-3665-4020-B688-D5A12F5C1E3A}.Release|Any CPU.ActiveCfg = Release|Any CPU
		{544393D8-3665-4020-B688-D5A12F5C1E3A}.Release|Any CPU.Build.0 = Release|Any CPU
		{544393D8-3665-4020-B688-D5A12F5C1E3A}.Release|Any CPU.Deploy.0 = Release|Any CPU
		{544393D8-3665-4020-B688-D5A12F5C1E3A}.Release|ARM.ActiveCfg = Release|ARM
		{544393D8-3665-4020-B688-D5A12F5C1E3A}.Release|ARM.Build.0 = Release|ARM
		{544393D8-3665-4020-B688-D5A12F5C1E3A}.Release|ARM.Deploy.0 = Release|ARM
		{544393D8-3665-4020-B688-D5A12F5C1E3A}.Release|x86.ActiveCfg = Release|x86
		{544393D8-3665-4020-B688-D5A12F5C1E3A}.Release|x86.Build.0 = Release|x86
		{544393D8-3665-4020-B688-D5A12F5C1E3A}.Release|x86.Deploy.0 = Release|x86
	EndGlobalSection
	GlobalSection(SolutionProperties) = preSolution
		HideSolutionNode = FALSE
	EndGlobalSection
EndGlobal
